{
  "lockfileVersion": 1,
  "configVersion": 1,
  "workspaces": {
    "": {
      "name": "stl-to-step-json-pipeline",
      "dependencies": {
        "chalk": "^5.4.1",
        "cli-progress": "^3.12.0",
        "piscina": "^4.8.0",
        "three": "^0.174.0",
        "three-mesh-bvh": "^0.9.0",
        "zod": "^3.24.2",
      },
      "devDependencies": {
        "@types/cli-progress": "^3.11.6",
        "@types/node": "^22.13.9",
        "@types/three": "^0.174.0",
        "typescript": "^5.8.2",
      },
    },
  },
  "packages": {
    "@napi-rs/nice": ["@napi-rs/nice@1.1.1", "", { "optionalDependencies": { "@napi-rs/nice-android-arm-eabi": "1.1.1", "@napi-rs/nice-android-arm64": "1.1.1", "@napi-rs/nice-darwin-arm64": "1.1.1", "@napi-rs/nice-darwin-x64": "1.1.1", "@napi-rs/nice-freebsd-x64": "1.1.1", "@napi-rs/nice-linux-arm-gnueabihf": "1.1.1", "@napi-rs/nice-linux-arm64-gnu": "1.1.1", "@napi-rs/nice-linux-arm64-musl": "1.1.1", "@napi-rs/nice-linux-ppc64-gnu": "1.1.1", "@napi-rs/nice-linux-riscv64-gnu": "1.1.1", "@napi-rs/nice-linux-s390x-gnu": "1.1.1", "@napi-rs/nice-linux-x64-gnu": "1.1.1", "@napi-rs/nice-linux-x64-musl": "1.1.1", "@napi-rs/nice-openharmony-arm64": "1.1.1", "@napi-rs/nice-win32-arm64-msvc": "1.1.1", "@napi-rs/nice-win32-ia32-msvc": "1.1.1", "@napi-rs/nice-win32-x64-msvc": "1.1.1" } }, "sha512-xJIPs+bYuc9ASBl+cvGsKbGrJmS6fAKaSZCnT0lhahT5rhA2VVy9/EcIgd2JhtEuFOJNx7UHNn/qiTPTY4nrQw=="],

    "@napi-rs/nice-android-arm-eabi": ["@napi-rs/nice-android-arm-eabi@1.1.1", "", { "os": "android", "cpu": "arm" }, "sha512-kjirL3N6TnRPv5iuHw36wnucNqXAO46dzK9oPb0wj076R5Xm8PfUVA9nAFB5ZNMmfJQJVKACAPd/Z2KYMppthw=="],

    "@napi-rs/nice-android-arm64": ["@napi-rs/nice-android-arm64@1.1.1", "", { "os": "android", "cpu": "arm64" }, "sha512-blG0i7dXgbInN5urONoUCNf+DUEAavRffrO7fZSeoRMJc5qD+BJeNcpr54msPF6qfDD6kzs9AQJogZvT2KD5nw=="],

    "@napi-rs/nice-darwin-arm64": ["@napi-rs/nice-darwin-arm64@1.1.1", "", { "os": "darwin", "cpu": "arm64" }, "sha512-s/E7w45NaLqTGuOjC2p96pct4jRfo61xb9bU1unM/MJ/RFkKlJyJDx7OJI/O0ll/hrfpqKopuAFDV8yo0hfT7A=="],

    "@napi-rs/nice-darwin-x64": ["@napi-rs/nice-darwin-x64@1.1.1", "", { "os": "darwin", "cpu": "x64" }, "sha512-dGoEBnVpsdcC+oHHmW1LRK5eiyzLwdgNQq3BmZIav+9/5WTZwBYX7r5ZkQC07Nxd3KHOCkgbHSh4wPkH1N1LiQ=="],

    "@napi-rs/nice-freebsd-x64": ["@napi-rs/nice-freebsd-x64@1.1.1", "", { "os": "freebsd", "cpu": "x64" }, "sha512-kHv4kEHAylMYmlNwcQcDtXjklYp4FCf0b05E+0h6nDHsZ+F0bDe04U/tXNOqrx5CmIAth4vwfkjjUmp4c4JktQ=="],

    "@napi-rs/nice-linux-arm-gnueabihf": ["@napi-rs/nice-linux-arm-gnueabihf@1.1.1", "", { "os": "linux", "cpu": "arm" }, "sha512-E1t7K0efyKXZDoZg1LzCOLxgolxV58HCkaEkEvIYQx12ht2pa8hoBo+4OB3qh7e+QiBlp1SRf+voWUZFxyhyqg=="],

    "@napi-rs/nice-linux-arm64-gnu": ["@napi-rs/nice-linux-arm64-gnu@1.1.1", "", { "os": "linux", "cpu": "arm64" }, "sha512-CIKLA12DTIZlmTaaKhQP88R3Xao+gyJxNWEn04wZwC2wmRapNnxCUZkVwggInMJvtVElA+D4ZzOU5sX4jV+SmQ=="],

    "@napi-rs/nice-linux-arm64-musl": ["@napi-rs/nice-linux-arm64-musl@1.1.1", "", { "os": "linux", "cpu": "arm64" }, "sha512-+2Rzdb3nTIYZ0YJF43qf2twhqOCkiSrHx2Pg6DJaCPYhhaxbLcdlV8hCRMHghQ+EtZQWGNcS2xF4KxBhSGeutg=="],

    "@napi-rs/nice-linux-ppc64-gnu": ["@napi-rs/nice-linux-ppc64-gnu@1.1.1", "", { "os": "linux", "cpu": "ppc64" }, "sha512-4FS8oc0GeHpwvv4tKciKkw3Y4jKsL7FRhaOeiPei0X9T4Jd619wHNe4xCLmN2EMgZoeGg+Q7GY7BsvwKpL22Tg=="],

    "@napi-rs/nice-linux-riscv64-gnu": ["@napi-rs/nice-linux-riscv64-gnu@1.1.1", "", { "os": "linux", "cpu": "none" }, "sha512-HU0nw9uD4FO/oGCCk409tCi5IzIZpH2agE6nN4fqpwVlCn5BOq0MS1dXGjXaG17JaAvrlpV5ZeyZwSon10XOXw=="],

    "@napi-rs/nice-linux-s390x-gnu": ["@napi-rs/nice-linux-s390x-gnu@1.1.1", "", { "os": "linux", "cpu": "s390x" }, "sha512-2YqKJWWl24EwrX0DzCQgPLKQBxYDdBxOHot1KWEq7aY2uYeX+Uvtv4I8xFVVygJDgf6/92h9N3Y43WPx8+PAgQ=="],

    "@napi-rs/nice-linux-x64-gnu": ["@napi-rs/nice-linux-x64-gnu@1.1.1", "", { "os": "linux", "cpu": "x64" }, "sha512-/gaNz3R92t+dcrfCw/96pDopcmec7oCcAQ3l/M+Zxr82KT4DljD37CpgrnXV+pJC263JkW572pdbP3hP+KjcIg=="],

    "@napi-rs/nice-linux-x64-musl": ["@napi-rs/nice-linux-x64-musl@1.1.1", "", { "os": "linux", "cpu": "x64" }, "sha512-xScCGnyj/oppsNPMnevsBe3pvNaoK7FGvMjT35riz9YdhB2WtTG47ZlbxtOLpjeO9SqqQ2J2igCmz6IJOD5JYw=="],

    "@napi-rs/nice-openharmony-arm64": ["@napi-rs/nice-openharmony-arm64@1.1.1", "", { "os": "none", "cpu": "arm64" }, "sha512-6uJPRVwVCLDeoOaNyeiW0gp2kFIM4r7PL2MczdZQHkFi9gVlgm+Vn+V6nTWRcu856mJ2WjYJiumEajfSm7arPQ=="],

    "@napi-rs/nice-win32-arm64-msvc": ["@napi-rs/nice-win32-arm64-msvc@1.1.1", "", { "os": "win32", "cpu": "arm64" }, "sha512-uoTb4eAvM5B2aj/z8j+Nv8OttPf2m+HVx3UjA5jcFxASvNhQriyCQF1OB1lHL43ZhW+VwZlgvjmP5qF3+59atA=="],

    "@napi-rs/nice-win32-ia32-msvc": ["@napi-rs/nice-win32-ia32-msvc@1.1.1", "", { "os": "win32", "cpu": "ia32" }, "sha512-CNQqlQT9MwuCsg1Vd/oKXiuH+TcsSPJmlAFc5frFyX/KkOh0UpBLEj7aoY656d5UKZQMQFP7vJNa1DNUNORvug=="],

    "@napi-rs/nice-win32-x64-msvc": ["@napi-rs/nice-win32-x64-msvc@1.1.1", "", { "os": "win32", "cpu": "x64" }, "sha512-vB+4G/jBQCAh0jelMTY3+kgFy00Hlx2f2/1zjMoH821IbplbWZOkLiTYXQkygNTzQJTq5cvwBDgn2ppHD+bglQ=="],

    "@tweenjs/tween.js": ["@tweenjs/tween.js@23.1.3", "", {}, "sha512-vJmvvwFxYuGnF2axRtPYocag6Clbb5YS7kLL+SO/TeVFzHqDIWrNKYtcsPMibjDx9O+bu+psAy9NKfWklassUA=="],

    "@types/cli-progress": ["@types/cli-progress@3.11.6", "", { "dependencies": { "@types/node": "*" } }, "sha512-cE3+jb9WRlu+uOSAugewNpITJDt1VF8dHOopPO4IABFc3SXYL5WE/+PTz/FCdZRRfIujiWW3n3aMbv1eIGVRWA=="],

    "@types/node": ["@types/node@22.20.4", "", { "dependencies": { "undici-types": "~6.21.0" } }, "sha512-zJRE40jpHtKqE/C4fgHrAKQLJuSpzEnP9ff9Y7YtoR3Wd2pwqzlekDeEuUQXjRd+QCYnVnNwuJYmhdk9XV8gvA=="],

    "@types/stats.js": ["@types/stats.js@0.17.4", "", {}, "sha512-jIBvWWShCvlBqBNIZt0KAshWpvSjhkwkEu4ZUcASoAvhmrgAUI2t1dXrjSL4xXVLB4FznPrIsX3nKXFl/Dt4vA=="],

    "@types/three": ["@types/three@0.174.0", "", { "dependencies": { "@tweenjs/tween.js": "~23.1.3", "@types/stats.js": "*", "@types/webxr": "*", "@webgpu/types": "*", "fflate": "~0.8.2", "meshoptimizer": "~0.18.1" } }, "sha512-De/+vZnfg2aVWNiuy1Ldu+n2ydgw1osinmiZTAn0necE++eOfsygL8JpZgFjR2uHmAPo89MkxBj3JJ+2BMe+Uw=="],

    "@types/webxr": ["@types/webxr@0.5.24", "", {}, "sha512-h8fgEd/DpoS9CBrjEQXR+dIDraopAEfu4wYVNY2tEPwk60stPWhvZMf4Foo5FakuQ7HFZoa8WceaWFervK2Ovg=="],

    "@webgpu/types": ["@webgpu/types@0.1.74", "", {}, "sha512-lgiI4hbuLcI9unnm2cL/tvCaQU45dp0xcLWJh5uB/9MBGvIA4F8XIk7nSiBeg+K4xWGYwgZKn80LmERI5CxoTA=="],

    "ansi-regex": ["ansi-regex@5.0.1", "", {}, "sha512-quJQXlTSUGL2LH9SUXo8VwsY4soanhgo6LNSm84E1LBcE8s3O0wpdiRzyR9z/ZZJMlMWv37qOOb9pdJlMUEKFQ=="],

    "chalk": ["chalk@5.6.2", "", {}, "sha512-7NzBL0rN6fMUW+f7A6Io4h40qQlG+xGmtMxfbnH/K7TAtt8JQWVQK+6g0UXKMeVJoyV5EkkNsErQ8pVD3bLHbA=="],

    "cli-progress": ["cli-progress@3.12.0", "", { "dependencies": { "string-width": "^4.2.3" } }, "sha512-tRkV3HJ1ASwm19THiiLIXLO7Im7wlTuKnvkYaTkyoAPefqjNg7W7DHKUlGRxy9vxDvbyCYQkQozvptuMkGCg8A=="],

    "emoji-regex": ["emoji-regex@8.0.0", "", {}, "sha512-MSjYzcWNOA0ewAHpz0MxpYFvwg6yjy1NG3xteoqz644VCo/RPgnr1/GGt+ic3iJTzQ8Eu3TdM14SawnVUmGE6A=="],

    "fflate": ["fflate@0.8.3", "", {}, "sha512-tbZNuJrLwGUp3zshBtdy4W+ORxZuIh8a5ilyIEQDC5rY1f3U20JMry0Ll3WBzU58EZKsEuJFXhb5gwv8CsPvgA=="],

    "is-fullwidth-code-point": ["is-fullwidth-code-point@3.0.0", "", {}, "sha512-zymm5+u+sCsSWyD9qNaejV3DFvhCKclKdizYaJUuHA83RLjb7nSuGnddCHGv0hk+KY7BMAlsWeK4Ueg6EV6XQg=="],

    "meshoptimizer": ["meshoptimizer@0.18.1", "", {}, "sha512-ZhoIoL7TNV4s5B6+rx5mC//fw8/POGyNxS/DZyCJeiZ12ScLfVwRE/GfsxwiTkMYYD5DmK2/JXnEVXqL4rF+Sw=="],

    "piscina": ["piscina@4.9.4", "", { "optionalDependencies": { "@napi-rs/nice": "^1.0.1" } }, "sha512-RyBDr2VheQ8ZfH3N8SzQZHztqVyOtadTwLnUYof6gdj5161/eu2wNhCbGl5GHnNKDpnkicJYpKtL2J+y/gk6XA=="],

    "string-width": ["string-width@4.2.3", "", { "dependencies": { "emoji-regex": "^8.0.0", "is-fullwidth-code-point": "^3.0.0", "strip-ansi": "^6.0.1" } }, "sha512-wKyQRQpjJ0sIp62ErSZdGsjMJWsap5oRNihHhu6G7JVO/9jIB6UyevL+tXuOqrng8j/cxKTWyWUwvSTriiZz/g=="],

    "strip-ansi": ["strip-ansi@6.0.1", "", { "dependencies": { "ansi-regex": "^5.0.1" } }, "sha512-Y38VPSHcqkFrCpFnQ9vuSXmquuv5oXOKpGeT6aGrr3o3Gc9AlVa6JBfUSOCnbxGGZF+/0ooI7KrPuUSztUdU5A=="],

    "three": ["three@0.174.0", "", {}, "sha512-p+WG3W6Ov74alh3geCMkGK9NWuT62ee21cV3jEnun201zodVF4tCE5aZa2U122/mkLRmhJJUQmLLW1BH00uQJQ=="],

    "three-mesh-bvh": ["three-mesh-bvh@0.9.15", "", { "peerDependencies": { "three": ">= 0.159.0" } }, "sha512-9xdEDkCzFoT8VPFH9DznwFSdbaIEjMvM106Iqq7TJurrIheUKDcdW4prfJTCxryih4XS/UxWs0H3K4MLMRFyOQ=="],

    "typescript": ["typescript@5.9.3", "", { "bin": { "tsc": "bin/tsc", "tsserver": "bin/tsserver" } }, "sha512-jl1vZzPDinLr9eUt3J/t7V6FgNEw9QjvBPdysz9KfQDD41fQrC2Y4vKQdiaUpFT4bXlb1RHhLpp8wtm6M5TgSw=="],

    "undici-types": ["undici-types@6.21.0", "", {}, "sha512-iwDZqg0QAGrg9Rav5H4n0M64c3mkR59cJ6wQp+7C4nI0gsmExaedaYLNO44eT4AtBBwjbTiGPMlt2Md0T9H9JQ=="],

    "zod": ["zod@3.25.76", "", {}, "sha512-gzUt/qt81nXsFGKIFcC3YnfEAx5NkunCfnDlvuBSSFS02bcXu4Lmea0AFIUwbLWxWPx3d9p8S5QoaujKcNQxcQ=="],
  }
}
